{
  "requires": true,
  "lockfileVersion": 1,
  "dependencies": {
    "assertion-error": {
      "version": "1.1.0",
      "resolved": "http://registry.npm.taobao.org/assertion-error/download/assertion-error-1.1.0.tgz",
      "integrity": "sha1-5gtrDo8wG9l+U3UhW9pAbIURjAs="
    },
    "chai": {
      "version": "4.2.0",
      "resolved": "http://registry.npm.taobao.org/chai/download/chai-4.2.0.tgz?cache=0&other_urls=http%3A%2F%2Fregistry.npm.taobao.org%2Fchai%2Fdownload%2Fchai-4.2.0.tgz",
      "integrity": "sha1-dgqnLPION5XoSxKHfODoNzeqKeU=",
      "requires": {
        "assertion-error": "^1.1.0",
        "check-error": "^1.0.2",
        "deep-eql": "^3.0.1",
        "get-func-name": "^2.0.0",
        "pathval": "^1.1.0",
        "type-detect": "^4.0.5"
      }
    },
    "check-error": {
      "version": "1.0.2",
      "resolved": "http://registry.npm.taobao.org/check-error/download/check-error-1.0.2.tgz",
      "integrity": "sha1-V00xLt2Iu13YkS6Sht1sCu1KrII="
    },
    "deep-eql": {
      "version": "3.0.1",
      "resolved": "http://registry.npm.taobao.org/deep-eql/download/deep-eql-3.0.1.tgz",
      "integrity": "sha1-38lARACtHI/gI+faHfHBR8S0RN8=",
      "requires": {
        "type-detect": "^4.0.0"
      }
    },
    "get-func-name": {
      "version": "2.0.0",
      "resolved": "http://registry.npm.taobao.org/get-func-name/download/get-func-name-2.0.0.tgz",
      "integrity": "sha1-6td0q+5y4gQJQzoGY2YCPdaIekE="
    },
    "jquery": {
      "version": "3.3.1",
      "resolved": "http://registry.npm.taobao.org/jquery/download/jquery-3.3.1.tgz",
      "integrity": "sha1-lYzinoHJeQ8xvneS311NlfxX+8o="
    },
    "pathval": {
      "version": "1.1.0",
      "resolved": "http://registry.npm.taobao.org/pathval/download/pathval-1.1.0.tgz",
      "integrity": "sha1-uULm1L3mUwBe9rcTYd74cn0GReA="
    },
    "rxjs": {
      "version": "6.5.2",
      "resolved": "https://registry.npm.taobao.org/rxjs/download/rxjs-6.5.2.tgz?cache=0&other_urls=https%3A%2F%2Fregistry.npm.taobao.org%2Frxjs%2Fdownload%2Frxjs-6.5.2.tgz",
      "integrity": "sha1-LjXOgVzUbYTQKiCftOWSHgUdvsc=",
      "requires": {
        "tslib": "^1.9.0"
      }
    },
    "tslib": {
      "version": "1.10.0",
      "resolved": "https://registry.npm.taobao.org/tslib/download/tslib-1.10.0.tgz",
      "integrity": "sha1-w8GflZc/sKYpc/sJ2Q2WHuQ+XIo="
    },
    "type-detect": {
      "version": "4.0.8",
      "resolved": "https://registry.npm.taobao.org/type-detect/download/type-detect-4.0.8.tgz",
      "integrity": "sha1-dkb7XxiHHPu3dJ5pvTmmOI63RQw="
    }
  }
}
